
Microsoft Visual Studio Solution File, Format Version 12.00
Project("{FAE04EC0-301F-11D3-BF4B-00C04F79EFBC}") = "windows-admin-persistence-demo", "windows-admin-persistence-demo.csproj", "{DB9DB242-C989-4575-8254-5CCA1D23BE33}"
EndProject
Global
	GlobalSection(SolutionConfigurationPlatforms) = preSolution
		Debug|Any CPU = Debug|Any CPU
		Release|Any CPU = Release|Any CPU
	EndGlobalSection
	GlobalSection(ProjectConfigurationPlatforms) = postSolution
		{DB9DB242-C989-4575-8254-5CCA1D23BE33}.Debug|Any CPU.ActiveCfg = Debug|Any CPU
		{DB9DB242-C989-4575-8254-5CCA1D23BE33}.Debug|Any CPU.Build.0 = Debug|Any CPU
		{DB9DB242-C989-4575-8254-5CCA1D23BE33}.Release|Any CPU.ActiveCfg = Release|Any CPU
		{DB9DB242-C989-4575-8254-5CCA1D23BE33}.Release|Any CPU.Build.0 = Release|Any CPU
		{DB9DB242-C989-4575-8254-5CCA1D23BE33}.Release|Any CPU.Deploy.0 = Release|Any CPU
	EndGlobalSection
EndGlobal
